schema: '2.0'
stages:
  load_data:
    cmd: python src/load_data.py --config=params.yaml
    deps:
    - path: data_given/ai4i2020.csv
      md5: 399512e3f0c18aa56d036f7d78fe96b1
      size: 522048
    - path: src/get_data.py
      md5: 8815c8877a5e5220acbd1d879bb99a09
      size: 750
    - path: src/load_data.py
      md5: bf9ea6e0fcd2ef3899ba4c7d8292dec1
      size: 648
    outs:
    - path: data/raw/ai4i2020.csv
      md5: e5433d5962343f0a7c6c98b6df249d51
      size: 385001
  split_data:
    cmd: python src/split_data.py --config=params.yaml
    deps:
    - path: data/raw/ai4i2020.csv
      md5: e5433d5962343f0a7c6c98b6df249d51
      size: 385001
    - path: src/split_data.py
      md5: e7c962d591ced08adfa96a2029d99c32
      size: 1072
    outs:
    - path: data/processed/test_ai4i2020.csv
      md5: 7f56a4fd6700997be79797269ef8b7d7
      size: 77072
    - path: data/processed/train_ai4i2020.csv
      md5: b3dd5e932b68daec2a2b5df13de848d3
      size: 308061
  train_and_evaluate:
    cmd: python src/train_and_evaluate.py --config=params.yaml
    deps:
    - path: data/processed/test_ai4i2020.csv
      md5: 7f56a4fd6700997be79797269ef8b7d7
      size: 77072
    - path: data/processed/train_ai4i2020.csv
      md5: b3dd5e932b68daec2a2b5df13de848d3
      size: 308061
    - path: src/train_and_evaluate.py
      md5: 9cf452c96d1798f1fee947c29231eac9
      size: 2583
    params:
      params.yaml:
        estimators.ElasticNet.params.alpha: 0.8
        estimators.ElasticNet.params.l1_ratio: 0.5
    outs:
    - path: report/params.json
      md5: c85391dab361161e8f1c90202c18fabe
      size: 44
    - path: report/scores.json
      md5: a754e54b2042c1432b507f328758af05
      size: 99
    - path: saved_models/model.joblib
      md5: bdcd96f548615a2f549cca9c988feb93
      size: 810
